
Microsoft Visual Studio Solution File, Format Version 12.00
# Visual Studio Version 16
VisualStudioVersion = 16.0.33529.622
MinimumVisualStudioVersion = 10.0.40219.1
Project("{8BC9CEB8-8B4A-11D0-8D11-00A0C91BC942}") = "MyClass", "MyClass\MyClass.vcxproj", "{1359A6CA-28CA-43DC-A943-0F639F5A339D}"
EndProject
Project("{8BC9CEB8-8B4A-11D0-8D11-00A0C91BC942}") = "MyClassCpp", "MyClassCpp\MyClassCpp.vcxproj", "{52CF2726-DCC7-41EF-973C-8546C327E649}"
	ProjectSection(ProjectDependencies) = postProject
		{1359A6CA-28CA-43DC-A943-0F639F5A339D} = {1359A6CA-28CA-43DC-A943-0F639F5A339D}
	EndProjectSection
EndProject
Project("{8BC9CEB8-8B4A-11D0-8D11-00A0C91BC942}") = "my_classc", "my_classc\my_classc.vcxproj", "{B01DE609-5E65-4799-A947-30CE5F075802}"
	ProjectSection(ProjectDependencies) = postProject
		{4FB4B525-E8E2-46BA-9150-53622E612F21} = {4FB4B525-E8E2-46BA-9150-53622E612F21}
		{1359A6CA-28CA-43DC-A943-0F639F5A339D} = {1359A6CA-28CA-43DC-A943-0F639F5A339D}
	EndProjectSection
EndProject
Project("{8BC9CEB8-8B4A-11D0-8D11-00A0C91BC942}") = "my_class", "my_class\my_class.vcxproj", "{4FB4B525-E8E2-46BA-9150-53622E612F21}"
	ProjectSection(ProjectDependencies) = postProject
		{1359A6CA-28CA-43DC-A943-0F639F5A339D} = {1359A6CA-28CA-43DC-A943-0F639F5A339D}
	EndProjectSection
EndProject
Project("{8BC9CEB8-8B4A-11D0-8D11-00A0C91BC942}") = "MyClassNetCpp", "MyClassNetCpp\MyClassNetCpp.vcxproj", "{87C360A9-B4A8-4EC3-B222-DFFD0F8213FD}"
	ProjectSection(ProjectDependencies) = postProject
		{82E02156-D145-407A-9FC3-0D535C0CBB4D} = {82E02156-D145-407A-9FC3-0D535C0CBB4D}
	EndProjectSection
EndProject
Project("{8BC9CEB8-8B4A-11D0-8D11-00A0C91BC942}") = "MyClassNet", "MyClassNet\MyClassNet.vcxproj", "{82E02156-D145-407A-9FC3-0D535C0CBB4D}"
	ProjectSection(ProjectDependencies) = postProject
		{1359A6CA-28CA-43DC-A943-0F639F5A339D} = {1359A6CA-28CA-43DC-A943-0F639F5A339D}
	EndProjectSection
EndProject
Project("{FAE04EC0-301F-11D3-BF4B-00C04F79EFBC}") = "MyClassNetSharp", "MyClassSharp\MyClassNetSharp.csproj", "{D5A8A6E5-3935-4554-97E2-4529361F3FB1}"
EndProject
Project("{F184B08F-C81C-45F6-A57F-5ABD9991F28F}") = "MyClassNetVB", "MyClassVB\MyClassNetVB.vbproj", "{8D183C41-A8A2-41F2-8ACF-453CB72BB4DF}"
EndProject
Global
	GlobalSection(SolutionConfigurationPlatforms) = preSolution
		Debug|Any CPU = Debug|Any CPU
		Debug|x64 = Debug|x64
		Debug|x86 = Debug|x86
		Release|Any CPU = Release|Any CPU
		Release|x64 = Release|x64
		Release|x86 = Release|x86
	EndGlobalSection
	GlobalSection(ProjectConfigurationPlatforms) = postSolution
		{1359A6CA-28CA-43DC-A943-0F639F5A339D}.Debug|Any CPU.ActiveCfg = Debug|Win32
		{1359A6CA-28CA-43DC-A943-0F639F5A339D}.Debug|x64.ActiveCfg = Debug|x64
		{1359A6CA-28CA-43DC-A943-0F639F5A339D}.Debug|x64.Build.0 = Debug|x64
		{1359A6CA-28CA-43DC-A943-0F639F5A339D}.Debug|x86.ActiveCfg = Debug|Win32
		{1359A6CA-28CA-43DC-A943-0F639F5A339D}.Debug|x86.Build.0 = Debug|Win32
		{1359A6CA-28CA-43DC-A943-0F639F5A339D}.Release|Any CPU.ActiveCfg = Release|Win32
		{1359A6CA-28CA-43DC-A943-0F639F5A339D}.Release|x64.ActiveCfg = Release|x64
		{1359A6CA-28CA-43DC-A943-0F639F5A339D}.Release|x64.Build.0 = Release|x64
		{1359A6CA-28CA-43DC-A943-0F639F5A339D}.Release|x86.ActiveCfg = Release|Win32
		{1359A6CA-28CA-43DC-A943-0F639F5A339D}.Release|x86.Build.0 = Release|Win32
		{52CF2726-DCC7-41EF-973C-8546C327E649}.Debug|Any CPU.ActiveCfg = Debug|Win32
		{52CF2726-DCC7-41EF-973C-8546C327E649}.Debug|x64.ActiveCfg = Debug|x64
		{52CF2726-DCC7-41EF-973C-8546C327E649}.Debug|x64.Build.0 = Debug|x64
		{52CF2726-DCC7-41EF-973C-8546C327E649}.Debug|x86.ActiveCfg = Debug|Win32
		{52CF2726-DCC7-41EF-973C-8546C327E649}.Debug|x86.Build.0 = Debug|Win32
		{52CF2726-DCC7-41EF-973C-8546C327E649}.Release|Any CPU.ActiveCfg = Release|Win32
		{52CF2726-DCC7-41EF-973C-8546C327E649}.Release|x64.ActiveCfg = Release|x64
		{52CF2726-DCC7-41EF-973C-8546C327E649}.Release|x64.Build.0 = Release|x64
		{52CF2726-DCC7-41EF-973C-8546C327E649}.Release|x86.ActiveCfg = Release|Win32
		{52CF2726-DCC7-41EF-973C-8546C327E649}.Release|x86.Build.0 = Release|Win32
		{B01DE609-5E65-4799-A947-30CE5F075802}.Debug|Any CPU.ActiveCfg = Debug|Win32
		{B01DE609-5E65-4799-A947-30CE5F075802}.Debug|x64.ActiveCfg = Debug|x64
		{B01DE609-5E65-4799-A947-30CE5F075802}.Debug|x64.Build.0 = Debug|x64
		{B01DE609-5E65-4799-A947-30CE5F075802}.Debug|x86.ActiveCfg = Debug|Win32
		{B01DE609-5E65-4799-A947-30CE5F075802}.Debug|x86.Build.0 = Debug|Win32
		{B01DE609-5E65-4799-A947-30CE5F075802}.Release|Any CPU.ActiveCfg = Release|Win32
		{B01DE609-5E65-4799-A947-30CE5F075802}.Release|x64.ActiveCfg = Release|x64
		{B01DE609-5E65-4799-A947-30CE5F075802}.Release|x64.Build.0 = Release|x64
		{B01DE609-5E65-4799-A947-30CE5F075802}.Release|x86.ActiveCfg = Release|Win32
		{B01DE609-5E65-4799-A947-30CE5F075802}.Release|x86.Build.0 = Release|Win32
		{4FB4B525-E8E2-46BA-9150-53622E612F21}.Debug|Any CPU.ActiveCfg = Debug|Win32
		{4FB4B525-E8E2-46BA-9150-53622E612F21}.Debug|x64.ActiveCfg = Debug|x64
		{4FB4B525-E8E2-46BA-9150-53622E612F21}.Debug|x64.Build.0 = Debug|x64
		{4FB4B525-E8E2-46BA-9150-53622E612F21}.Debug|x86.ActiveCfg = Debug|Win32
		{4FB4B525-E8E2-46BA-9150-53622E612F21}.Debug|x86.Build.0 = Debug|Win32
		{4FB4B525-E8E2-46BA-9150-53622E612F21}.Release|Any CPU.ActiveCfg = Release|Win32
		{4FB4B525-E8E2-46BA-9150-53622E612F21}.Release|x64.ActiveCfg = Release|x64
		{4FB4B525-E8E2-46BA-9150-53622E612F21}.Release|x64.Build.0 = Release|x64
		{4FB4B525-E8E2-46BA-9150-53622E612F21}.Release|x86.ActiveCfg = Release|Win32
		{4FB4B525-E8E2-46BA-9150-53622E612F21}.Release|x86.Build.0 = Release|Win32
		{87C360A9-B4A8-4EC3-B222-DFFD0F8213FD}.Debug|Any CPU.ActiveCfg = Debug|Win32
		{87C360A9-B4A8-4EC3-B222-DFFD0F8213FD}.Debug|x64.ActiveCfg = Debug|x64
		{87C360A9-B4A8-4EC3-B222-DFFD0F8213FD}.Debug|x64.Build.0 = Debug|x64
		{87C360A9-B4A8-4EC3-B222-DFFD0F8213FD}.Debug|x86.ActiveCfg = Debug|Win32
		{87C360A9-B4A8-4EC3-B222-DFFD0F8213FD}.Debug|x86.Build.0 = Debug|Win32
		{87C360A9-B4A8-4EC3-B222-DFFD0F8213FD}.Release|Any CPU.ActiveCfg = Release|Win32
		{87C360A9-B4A8-4EC3-B222-DFFD0F8213FD}.Release|x64.ActiveCfg = Release|x64
		{87C360A9-B4A8-4EC3-B222-DFFD0F8213FD}.Release|x64.Build.0 = Release|x64
		{87C360A9-B4A8-4EC3-B222-DFFD0F8213FD}.Release|x86.ActiveCfg = Release|Win32
		{87C360A9-B4A8-4EC3-B222-DFFD0F8213FD}.Release|x86.Build.0 = Release|Win32
		{82E02156-D145-407A-9FC3-0D535C0CBB4D}.Debug|Any CPU.ActiveCfg = Debug|Win32
		{82E02156-D145-407A-9FC3-0D535C0CBB4D}.Debug|x64.ActiveCfg = Debug|x64
		{82E02156-D145-407A-9FC3-0D535C0CBB4D}.Debug|x64.Build.0 = Debug|x64
		{82E02156-D145-407A-9FC3-0D535C0CBB4D}.Debug|x86.ActiveCfg = Debug|Win32
		{82E02156-D145-407A-9FC3-0D535C0CBB4D}.Debug|x86.Build.0 = Debug|Win32
		{82E02156-D145-407A-9FC3-0D535C0CBB4D}.Release|Any CPU.ActiveCfg = Release|Win32
		{82E02156-D145-407A-9FC3-0D535C0CBB4D}.Release|x64.ActiveCfg = Release|x64
		{82E02156-D145-407A-9FC3-0D535C0CBB4D}.Release|x64.Build.0 = Release|x64
		{82E02156-D145-407A-9FC3-0D535C0CBB4D}.Release|x86.ActiveCfg = Release|Win32
		{82E02156-D145-407A-9FC3-0D535C0CBB4D}.Release|x86.Build.0 = Release|Win32
		{D5A8A6E5-3935-4554-97E2-4529361F3FB1}.Debug|Any CPU.ActiveCfg = Debug|Any CPU
		{D5A8A6E5-3935-4554-97E2-4529361F3FB1}.Debug|Any CPU.Build.0 = Debug|Any CPU
		{D5A8A6E5-3935-4554-97E2-4529361F3FB1}.Debug|x64.ActiveCfg = Debug|Any CPU
		{D5A8A6E5-3935-4554-97E2-4529361F3FB1}.Debug|x64.Build.0 = Debug|Any CPU
		{D5A8A6E5-3935-4554-97E2-4529361F3FB1}.Debug|x86.ActiveCfg = Debug|Any CPU
		{D5A8A6E5-3935-4554-97E2-4529361F3FB1}.Debug|x86.Build.0 = Debug|Any CPU
		{D5A8A6E5-3935-4554-97E2-4529361F3FB1}.Release|Any CPU.ActiveCfg = Release|Any CPU
		{D5A8A6E5-3935-4554-97E2-4529361F3FB1}.Release|Any CPU.Build.0 = Release|Any CPU
		{D5A8A6E5-3935-4554-97E2-4529361F3FB1}.Release|x64.ActiveCfg = Release|Any CPU
		{D5A8A6E5-3935-4554-97E2-4529361F3FB1}.Release|x64.Build.0 = Release|Any CPU
		{D5A8A6E5-3935-4554-97E2-4529361F3FB1}.Release|x86.ActiveCfg = Release|Any CPU
		{D5A8A6E5-3935-4554-97E2-4529361F3FB1}.Release|x86.Build.0 = Release|Any CPU
		{8D183C41-A8A2-41F2-8ACF-453CB72BB4DF}.Debug|Any CPU.ActiveCfg = Debug|Any CPU
		{8D183C41-A8A2-41F2-8ACF-453CB72BB4DF}.Debug|Any CPU.Build.0 = Debug|Any CPU
		{8D183C41-A8A2-41F2-8ACF-453CB72BB4DF}.Debug|x64.ActiveCfg = Debug|Any CPU
		{8D183C41-A8A2-41F2-8ACF-453CB72BB4DF}.Debug|x64.Build.0 = Debug|Any CPU
		{8D183C41-A8A2-41F2-8ACF-453CB72BB4DF}.Debug|x86.ActiveCfg = Debug|Any CPU
		{8D183C41-A8A2-41F2-8ACF-453CB72BB4DF}.Debug|x86.Build.0 = Debug|Any CPU
		{8D183C41-A8A2-41F2-8ACF-453CB72BB4DF}.Release|Any CPU.ActiveCfg = Release|Any CPU
		{8D183C41-A8A2-41F2-8ACF-453CB72BB4DF}.Release|Any CPU.Build.0 = Release|Any CPU
		{8D183C41-A8A2-41F2-8ACF-453CB72BB4DF}.Release|x64.ActiveCfg = Release|Any CPU
		{8D183C41-A8A2-41F2-8ACF-453CB72BB4DF}.Release|x64.Build.0 = Release|Any CPU
		{8D183C41-A8A2-41F2-8ACF-453CB72BB4DF}.Release|x86.ActiveCfg = Release|Any CPU
		{8D183C41-A8A2-41F2-8ACF-453CB72BB4DF}.Release|x86.Build.0 = Release|Any CPU
	EndGlobalSection
	GlobalSection(SolutionProperties) = preSolution
		HideSolutionNode = FALSE
	EndGlobalSection
	GlobalSection(ExtensibilityGlobals) = postSolution
		SolutionGuid = {73A2F5BE-8D24-4074-B37A-C5550F323BA3}
	EndGlobalSection
EndGlobal
